
Microsoft Visual Studio Solution File, Format Version 12.00
# Visual Studio Version 17
VisualStudioVersion = 17.9.34728.123
MinimumVisualStudioVersion = 10.0.40219.1
Project("{FAE04EC0-301F-11D3-BF4B-00C04F79EFBC}") = "e_Learning.Server", "e_Learning.Server\e_Learning.Server.csproj", "{D060EBC9-1F9B-402A-859A-251F9410F9DF}"
EndProject
Project("{54A90642-561A-4BB1-A94E-469ADEE60C69}") = "e_learning.client", "e_learning.client\e_learning.client.esproj", "{45A23740-F4BD-48E0-820F-BC3D29A5F013}"
EndProject
Global
	GlobalSection(SolutionConfigurationPlatforms) = preSolution
		Debug|Any CPU = Debug|Any CPU
		Release|Any CPU = Release|Any CPU
	EndGlobalSection
	GlobalSection(ProjectConfigurationPlatforms) = postSolution
		{D060EBC9-1F9B-402A-859A-251F9410F9DF}.Debug|Any CPU.ActiveCfg = Debug|Any CPU
		{D060EBC9-1F9B-402A-859A-251F9410F9DF}.Debug|Any CPU.Build.0 = Debug|Any CPU
		{D060EBC9-1F9B-402A-859A-251F9410F9DF}.Release|Any CPU.ActiveCfg = Release|Any CPU
		{D060EBC9-1F9B-402A-859A-251F9410F9DF}.Release|Any CPU.Build.0 = Release|Any CPU
		{45A23740-F4BD-48E0-820F-BC3D29A5F013}.Debug|Any CPU.ActiveCfg = Debug|Any CPU
		{45A23740-F4BD-48E0-820F-BC3D29A5F013}.Debug|Any CPU.Build.0 = Debug|Any CPU
		{45A23740-F4BD-48E0-820F-BC3D29A5F013}.Debug|Any CPU.Deploy.0 = Debug|Any CPU
		{45A23740-F4BD-48E0-820F-BC3D29A5F013}.Release|Any CPU.ActiveCfg = Release|Any CPU
		{45A23740-F4BD-48E0-820F-BC3D29A5F013}.Release|Any CPU.Build.0 = Release|Any CPU
		{45A23740-F4BD-48E0-820F-BC3D29A5F013}.Release|Any CPU.Deploy.0 = Release|Any CPU
	EndGlobalSection
	GlobalSection(SolutionProperties) = preSolution
		HideSolutionNode = FALSE
	EndGlobalSection
	GlobalSection(ExtensibilityGlobals) = postSolution
		SolutionGuid = {E40E7411-7589-4BFF-A205-799BA0431A5B}
	EndGlobalSection
EndGlobal
